
Microsoft Visual Studio Solution File, Format Version 12.00
# Visual Studio Version 16
VisualStudioVersion = 16.0.29009.5
MinimumVisualStudioVersion = 10.0.40219.1
Project("{FAE04EC0-301F-11D3-BF4B-00C04F79EFBC}") = "FalkirkBinAlert", "FalkirkBinAlert\FalkirkBinAlert.csproj", "{CFFEFB12-7C3C-4B65-8BD4-CD808806804B}"
EndProject
Project("{930C7802-8A8C-48F9-8165-68863BCCD9DD}") = "FalkirkBinsInstaller", "FalkirkBinsInstaller\FalkirkBinsInstaller.wixproj", "{F9DB8C26-F156-4772-8943-379212090B87}"
EndProject
Project("{2150E333-8FDC-42A3-9474-1A3956D46DE8}") = "Solution Items", "Solution Items", "{608FF986-7B63-4067-A1A0-8B1DD6E6CED3}"
	ProjectSection(SolutionItems) = preProject
		..\README.md = ..\README.md
	EndProjectSection
EndProject
Global
	GlobalSection(SolutionConfigurationPlatforms) = preSolution
		Debug|Any CPU = Debug|Any CPU
		Debug|x86 = Debug|x86
		Release|Any CPU = Release|Any CPU
		Release|x86 = Release|x86
	EndGlobalSection
	GlobalSection(ProjectConfigurationPlatforms) = postSolution
		{CFFEFB12-7C3C-4B65-8BD4-CD808806804B}.Debug|Any CPU.ActiveCfg = Debug|Any CPU
		{CFFEFB12-7C3C-4B65-8BD4-CD808806804B}.Debug|Any CPU.Build.0 = Debug|Any CPU
		{CFFEFB12-7C3C-4B65-8BD4-CD808806804B}.Debug|x86.ActiveCfg = Debug|Any CPU
		{CFFEFB12-7C3C-4B65-8BD4-CD808806804B}.Debug|x86.Build.0 = Debug|Any CPU
		{CFFEFB12-7C3C-4B65-8BD4-CD808806804B}.Release|Any CPU.ActiveCfg = Release|Any CPU
		{CFFEFB12-7C3C-4B65-8BD4-CD808806804B}.Release|Any CPU.Build.0 = Release|Any CPU
		{CFFEFB12-7C3C-4B65-8BD4-CD808806804B}.Release|x86.ActiveCfg = Release|Any CPU
		{CFFEFB12-7C3C-4B65-8BD4-CD808806804B}.Release|x86.Build.0 = Release|Any CPU
		{F9DB8C26-F156-4772-8943-379212090B87}.Debug|Any CPU.ActiveCfg = Debug|x86
		{F9DB8C26-F156-4772-8943-379212090B87}.Debug|x86.ActiveCfg = Debug|x86
		{F9DB8C26-F156-4772-8943-379212090B87}.Debug|x86.Build.0 = Debug|x86
		{F9DB8C26-F156-4772-8943-379212090B87}.Release|Any CPU.ActiveCfg = Release|x86
		{F9DB8C26-F156-4772-8943-379212090B87}.Release|x86.ActiveCfg = Release|x86
		{F9DB8C26-F156-4772-8943-379212090B87}.Release|x86.Build.0 = Release|x86
	EndGlobalSection
	GlobalSection(SolutionProperties) = preSolution
		HideSolutionNode = FALSE
	EndGlobalSection
	GlobalSection(ExtensibilityGlobals) = postSolution
		SolutionGuid = {8D324D34-6D84-457B-9050-60DECE559054}
	EndGlobalSection
EndGlobal
